
Microsoft Visual Studio Solution File, Format Version 12.00
# Visual Studio 15
VisualStudioVersion = 15.0.27703.2035
MinimumVisualStudioVersion = 10.0.40219.1
Project("{FAE04EC0-301F-11D3-BF4B-00C04F79EFBC}") = "FoDicomTest", "FoDicomTest\FoDicomTest.csproj", "{1A949551-1B65-492F-A542-BAFF2C37E136}"
EndProject
Project("{FAE04EC0-301F-11D3-BF4B-00C04F79EFBC}") = "DicomServerTest", "DicomServerTest\DicomServerTest.csproj", "{FF0137A6-8642-4423-9C9F-9932357F8772}"
EndProject
Project("{FAE04EC0-301F-11D3-BF4B-00C04F79EFBC}") = "DicomViewer", "DicomViewer\DicomViewer.csproj", "{B081E0C3-CA3A-403F-9C99-48C685D12712}"
EndProject
Project("{FAE04EC0-301F-11D3-BF4B-00C04F79EFBC}") = "WpfTest", "WpfTest\WpfTest.csproj", "{2774B105-E249-453D-8D14-6688909D0FC8}"
EndProject
Project("{FAE04EC0-301F-11D3-BF4B-00C04F79EFBC}") = "MongoDBTest", "MongoDBTest\MongoDBTest.csproj", "{31ECC1DA-404D-46DA-8295-D110C0CC4C86}"
EndProject
Project("{FAE04EC0-301F-11D3-BF4B-00C04F79EFBC}") = "DataModel", "DataModel\DataModel.csproj", "{C09DC64B-4AEE-45E9-BB4A-C77B23200433}"
EndProject
Project("{FAE04EC0-301F-11D3-BF4B-00C04F79EFBC}") = "DomainModel", "DomainModel\DomainModel.csproj", "{33B8BF43-9E44-4C36-BF41-5E7D0E2E1E52}"
EndProject
Project("{FAE04EC0-301F-11D3-BF4B-00C04F79EFBC}") = "MenuCard", "MenuCard\MenuCard.csproj", "{DDADEA49-654C-4B4D-AEAF-4644783CD5E0}"
EndProject
Global
	GlobalSection(SolutionConfigurationPlatforms) = preSolution
		Debug|Any CPU = Debug|Any CPU
		Debug|ARM = Debug|ARM
		Debug|x64 = Debug|x64
		Debug|x86 = Debug|x86
		Release|Any CPU = Release|Any CPU
		Release|ARM = Release|ARM
		Release|x64 = Release|x64
		Release|x86 = Release|x86
	EndGlobalSection
	GlobalSection(ProjectConfigurationPlatforms) = postSolution
		{1A949551-1B65-492F-A542-BAFF2C37E136}.Debug|Any CPU.ActiveCfg = Debug|Any CPU
		{1A949551-1B65-492F-A542-BAFF2C37E136}.Debug|Any CPU.Build.0 = Debug|Any CPU
		{1A949551-1B65-492F-A542-BAFF2C37E136}.Debug|ARM.ActiveCfg = Debug|Any CPU
		{1A949551-1B65-492F-A542-BAFF2C37E136}.Debug|ARM.Build.0 = Debug|Any CPU
		{1A949551-1B65-492F-A542-BAFF2C37E136}.Debug|x64.ActiveCfg = Debug|Any CPU
		{1A949551-1B65-492F-A542-BAFF2C37E136}.Debug|x64.Build.0 = Debug|Any CPU
		{1A949551-1B65-492F-A542-BAFF2C37E136}.Debug|x86.ActiveCfg = Debug|Any CPU
		{1A949551-1B65-492F-A542-BAFF2C37E136}.Debug|x86.Build.0 = Debug|Any CPU
		{1A949551-1B65-492F-A542-BAFF2C37E136}.Release|Any CPU.ActiveCfg = Release|Any CPU
		{1A949551-1B65-492F-A542-BAFF2C37E136}.Release|Any CPU.Build.0 = Release|Any CPU
		{1A949551-1B65-492F-A542-BAFF2C37E136}.Release|ARM.ActiveCfg = Release|Any CPU
		{1A949551-1B65-492F-A542-BAFF2C37E136}.Release|ARM.Build.0 = Release|Any CPU
		{1A949551-1B65-492F-A542-BAFF2C37E136}.Release|x64.ActiveCfg = Release|Any CPU
		{1A949551-1B65-492F-A542-BAFF2C37E136}.Release|x64.Build.0 = Release|Any CPU
		{1A949551-1B65-492F-A542-BAFF2C37E136}.Release|x86.ActiveCfg = Release|Any CPU
		{1A949551-1B65-492F-A542-BAFF2C37E136}.Release|x86.Build.0 = Release|Any CPU
		{FF0137A6-8642-4423-9C9F-9932357F8772}.Debug|Any CPU.ActiveCfg = Debug|Any CPU
		{FF0137A6-8642-4423-9C9F-9932357F8772}.Debug|Any CPU.Build.0 = Debug|Any CPU
		{FF0137A6-8642-4423-9C9F-9932357F8772}.Debug|ARM.ActiveCfg = Debug|Any CPU
		{FF0137A6-8642-4423-9C9F-9932357F8772}.Debug|ARM.Build.0 = Debug|Any CPU
		{FF0137A6-8642-4423-9C9F-9932357F8772}.Debug|x64.ActiveCfg = Debug|Any CPU
		{FF0137A6-8642-4423-9C9F-9932357F8772}.Debug|x64.Build.0 = Debug|Any CPU
		{FF0137A6-8642-4423-9C9F-9932357F8772}.Debug|x86.ActiveCfg = Debug|Any CPU
		{FF0137A6-8642-4423-9C9F-9932357F8772}.Debug|x86.Build.0 = Debug|Any CPU
		{FF0137A6-8642-4423-9C9F-9932357F8772}.Release|Any CPU.ActiveCfg = Release|Any CPU
		{FF0137A6-8642-4423-9C9F-9932357F8772}.Release|Any CPU.Build.0 = Release|Any CPU
		{FF0137A6-8642-4423-9C9F-9932357F8772}.Release|ARM.ActiveCfg = Release|Any CPU
		{FF0137A6-8642-4423-9C9F-9932357F8772}.Release|ARM.Build.0 = Release|Any CPU
		{FF0137A6-8642-4423-9C9F-9932357F8772}.Release|x64.ActiveCfg = Release|Any CPU
		{FF0137A6-8642-4423-9C9F-9932357F8772}.Release|x64.Build.0 = Release|Any CPU
		{FF0137A6-8642-4423-9C9F-9932357F8772}.Release|x86.ActiveCfg = Release|Any CPU
		{FF0137A6-8642-4423-9C9F-9932357F8772}.Release|x86.Build.0 = Release|Any CPU
		{B081E0C3-CA3A-403F-9C99-48C685D12712}.Debug|Any CPU.ActiveCfg = Debug|Any CPU
		{B081E0C3-CA3A-403F-9C99-48C685D12712}.Debug|Any CPU.Build.0 = Debug|Any CPU
		{B081E0C3-CA3A-403F-9C99-48C685D12712}.Debug|ARM.ActiveCfg = Debug|Any CPU
		{B081E0C3-CA3A-403F-9C99-48C685D12712}.Debug|ARM.Build.0 = Debug|Any CPU
		{B081E0C3-CA3A-403F-9C99-48C685D12712}.Debug|x64.ActiveCfg = Debug|Any CPU
		{B081E0C3-CA3A-403F-9C99-48C685D12712}.Debug|x64.Build.0 = Debug|Any CPU
		{B081E0C3-CA3A-403F-9C99-48C685D12712}.Debug|x86.ActiveCfg = Debug|Any CPU
		{B081E0C3-CA3A-403F-9C99-48C685D12712}.Debug|x86.Build.0 = Debug|Any CPU
		{B081E0C3-CA3A-403F-9C99-48C685D12712}.Release|Any CPU.ActiveCfg = Release|Any CPU
		{B081E0C3-CA3A-403F-9C99-48C685D12712}.Release|Any CPU.Build.0 = Release|Any CPU
		{B081E0C3-CA3A-403F-9C99-48C685D12712}.Release|ARM.ActiveCfg = Release|Any CPU
		{B081E0C3-CA3A-403F-9C99-48C685D12712}.Release|ARM.Build.0 = Release|Any CPU
		{B081E0C3-CA3A-403F-9C99-48C685D12712}.Release|x64.ActiveCfg = Release|Any CPU
		{B081E0C3-CA3A-403F-9C99-48C685D12712}.Release|x64.Build.0 = Release|Any CPU
		{B081E0C3-CA3A-403F-9C99-48C685D12712}.Release|x86.ActiveCfg = Release|Any CPU
		{B081E0C3-CA3A-403F-9C99-48C685D12712}.Release|x86.Build.0 = Release|Any CPU
		{2774B105-E249-453D-8D14-6688909D0FC8}.Debug|Any CPU.ActiveCfg = Debug|Any CPU
		{2774B105-E249-453D-8D14-6688909D0FC8}.Debug|Any CPU.Build.0 = Debug|Any CPU
		{2774B105-E249-453D-8D14-6688909D0FC8}.Debug|ARM.ActiveCfg = Debug|Any CPU
		{2774B105-E249-453D-8D14-6688909D0FC8}.Debug|ARM.Build.0 = Debug|Any CPU
		{2774B105-E249-453D-8D14-6688909D0FC8}.Debug|x64.ActiveCfg = Debug|Any CPU
		{2774B105-E249-453D-8D14-6688909D0FC8}.Debug|x64.Build.0 = Debug|Any CPU
		{2774B105-E249-453D-8D14-6688909D0FC8}.Debug|x86.ActiveCfg = Debug|Any CPU
		{2774B105-E249-453D-8D14-6688909D0FC8}.Debug|x86.Build.0 = Debug|Any CPU
		{2774B105-E249-453D-8D14-6688909D0FC8}.Release|Any CPU.ActiveCfg = Release|Any CPU
		{2774B105-E249-453D-8D14-6688909D0FC8}.Release|Any CPU.Build.0 = Release|Any CPU
		{2774B105-E249-453D-8D14-6688909D0FC8}.Release|ARM.ActiveCfg = Release|Any CPU
		{2774B105-E249-453D-8D14-6688909D0FC8}.Release|ARM.Build.0 = Release|Any CPU
		{2774B105-E249-453D-8D14-6688909D0FC8}.Release|x64.ActiveCfg = Release|Any CPU
		{2774B105-E249-453D-8D14-6688909D0FC8}.Release|x64.Build.0 = Release|Any CPU
		{2774B105-E249-453D-8D14-6688909D0FC8}.Release|x86.ActiveCfg = Release|Any CPU
		{2774B105-E249-453D-8D14-6688909D0FC8}.Release|x86.Build.0 = Release|Any CPU
		{31ECC1DA-404D-46DA-8295-D110C0CC4C86}.Debug|Any CPU.ActiveCfg = Debug|Any CPU
		{31ECC1DA-404D-46DA-8295-D110C0CC4C86}.Debug|Any CPU.Build.0 = Debug|Any CPU
		{31ECC1DA-404D-46DA-8295-D110C0CC4C86}.Debug|ARM.ActiveCfg = Debug|Any CPU
		{31ECC1DA-404D-46DA-8295-D110C0CC4C86}.Debug|ARM.Build.0 = Debug|Any CPU
		{31ECC1DA-404D-46DA-8295-D110C0CC4C86}.Debug|x64.ActiveCfg = Debug|Any CPU
		{31ECC1DA-404D-46DA-8295-D110C0CC4C86}.Debug|x64.Build.0 = Debug|Any CPU
		{31ECC1DA-404D-46DA-8295-D110C0CC4C86}.Debug|x86.ActiveCfg = Debug|Any CPU
		{31ECC1DA-404D-46DA-8295-D110C0CC4C86}.Debug|x86.Build.0 = Debug|Any CPU
		{31ECC1DA-404D-46DA-8295-D110C0CC4C86}.Release|Any CPU.ActiveCfg = Release|Any CPU
		{31ECC1DA-404D-46DA-8295-D110C0CC4C86}.Release|Any CPU.Build.0 = Release|Any CPU
		{31ECC1DA-404D-46DA-8295-D110C0CC4C86}.Release|ARM.ActiveCfg = Release|Any CPU
		{31ECC1DA-404D-46DA-8295-D110C0CC4C86}.Release|ARM.Build.0 = Release|Any CPU
		{31ECC1DA-404D-46DA-8295-D110C0CC4C86}.Release|x64.ActiveCfg = Release|Any CPU
		{31ECC1DA-404D-46DA-8295-D110C0CC4C86}.Release|x64.Build.0 = Release|Any CPU
		{31ECC1DA-404D-46DA-8295-D110C0CC4C86}.Release|x86.ActiveCfg = Release|Any CPU
		{31ECC1DA-404D-46DA-8295-D110C0CC4C86}.Release|x86.Build.0 = Release|Any CPU
		{C09DC64B-4AEE-45E9-BB4A-C77B23200433}.Debug|Any CPU.ActiveCfg = Debug|Any CPU
		{C09DC64B-4AEE-45E9-BB4A-C77B23200433}.Debug|Any CPU.Build.0 = Debug|Any CPU
		{C09DC64B-4AEE-45E9-BB4A-C77B23200433}.Debug|ARM.ActiveCfg = Debug|Any CPU
		{C09DC64B-4AEE-45E9-BB4A-C77B23200433}.Debug|ARM.Build.0 = Debug|Any CPU
		{C09DC64B-4AEE-45E9-BB4A-C77B23200433}.Debug|x64.ActiveCfg = Debug|Any CPU
		{C09DC64B-4AEE-45E9-BB4A-C77B23200433}.Debug|x64.Build.0 = Debug|Any CPU
		{C09DC64B-4AEE-45E9-BB4A-C77B23200433}.Debug|x86.ActiveCfg = Debug|Any CPU
		{C09DC64B-4AEE-45E9-BB4A-C77B23200433}.Debug|x86.Build.0 = Debug|Any CPU
		{C09DC64B-4AEE-45E9-BB4A-C77B23200433}.Release|Any CPU.ActiveCfg = Release|Any CPU
		{C09DC64B-4AEE-45E9-BB4A-C77B23200433}.Release|Any CPU.Build.0 = Release|Any CPU
		{C09DC64B-4AEE-45E9-BB4A-C77B23200433}.Release|ARM.ActiveCfg = Release|Any CPU
		{C09DC64B-4AEE-45E9-BB4A-C77B23200433}.Release|ARM.Build.0 = Release|Any CPU
		{C09DC64B-4AEE-45E9-BB4A-C77B23200433}.Release|x64.ActiveCfg = Release|Any CPU
		{C09DC64B-4AEE-45E9-BB4A-C77B23200433}.Release|x64.Build.0 = Release|Any CPU
		{C09DC64B-4AEE-45E9-BB4A-C77B23200433}.Release|x86.ActiveCfg = Release|Any CPU
		{C09DC64B-4AEE-45E9-BB4A-C77B23200433}.Release|x86.Build.0 = Release|Any CPU
		{33B8BF43-9E44-4C36-BF41-5E7D0E2E1E52}.Debug|Any CPU.ActiveCfg = Debug|Any CPU
		{33B8BF43-9E44-4C36-BF41-5E7D0E2E1E52}.Debug|Any CPU.Build.0 = Debug|Any CPU
		{33B8BF43-9E44-4C36-BF41-5E7D0E2E1E52}.Debug|ARM.ActiveCfg = Debug|Any CPU
		{33B8BF43-9E44-4C36-BF41-5E7D0E2E1E52}.Debug|ARM.Build.0 = Debug|Any CPU
		{33B8BF43-9E44-4C36-BF41-5E7D0E2E1E52}.Debug|x64.ActiveCfg = Debug|Any CPU
		{33B8BF43-9E44-4C36-BF41-5E7D0E2E1E52}.Debug|x64.Build.0 = Debug|Any CPU
		{33B8BF43-9E44-4C36-BF41-5E7D0E2E1E52}.Debug|x86.ActiveCfg = Debug|Any CPU
		{33B8BF43-9E44-4C36-BF41-5E7D0E2E1E52}.Debug|x86.Build.0 = Debug|Any CPU
		{33B8BF43-9E44-4C36-BF41-5E7D0E2E1E52}.Release|Any CPU.ActiveCfg = Release|Any CPU
		{33B8BF43-9E44-4C36-BF41-5E7D0E2E1E52}.Release|Any CPU.Build.0 = Release|Any CPU
		{33B8BF43-9E44-4C36-BF41-5E7D0E2E1E52}.Release|ARM.ActiveCfg = Release|Any CPU
		{33B8BF43-9E44-4C36-BF41-5E7D0E2E1E52}.Release|ARM.Build.0 = Release|Any CPU
		{33B8BF43-9E44-4C36-BF41-5E7D0E2E1E52}.Release|x64.ActiveCfg = Release|Any CPU
		{33B8BF43-9E44-4C36-BF41-5E7D0E2E1E52}.Release|x64.Build.0 = Release|Any CPU
		{33B8BF43-9E44-4C36-BF41-5E7D0E2E1E52}.Release|x86.ActiveCfg = Release|Any CPU
		{33B8BF43-9E44-4C36-BF41-5E7D0E2E1E52}.Release|x86.Build.0 = Release|Any CPU
		{DDADEA49-654C-4B4D-AEAF-4644783CD5E0}.Debug|Any CPU.ActiveCfg = Debug|x86
		{DDADEA49-654C-4B4D-AEAF-4644783CD5E0}.Debug|ARM.ActiveCfg = Debug|ARM
		{DDADEA49-654C-4B4D-AEAF-4644783CD5E0}.Debug|ARM.Build.0 = Debug|ARM
		{DDADEA49-654C-4B4D-AEAF-4644783CD5E0}.Debug|ARM.Deploy.0 = Debug|ARM
		{DDADEA49-654C-4B4D-AEAF-4644783CD5E0}.Debug|x64.ActiveCfg = Debug|x64
		{DDADEA49-654C-4B4D-AEAF-4644783CD5E0}.Debug|x64.Build.0 = Debug|x64
		{DDADEA49-654C-4B4D-AEAF-4644783CD5E0}.Debug|x64.Deploy.0 = Debug|x64
		{DDADEA49-654C-4B4D-AEAF-4644783CD5E0}.Debug|x86.ActiveCfg = Debug|x86
		{DDADEA49-654C-4B4D-AEAF-4644783CD5E0}.Debug|x86.Build.0 = Debug|x86
		{DDADEA49-654C-4B4D-AEAF-4644783CD5E0}.Debug|x86.Deploy.0 = Debug|x86
		{DDADEA49-654C-4B4D-AEAF-4644783CD5E0}.Release|Any CPU.ActiveCfg = Release|x86
		{DDADEA49-654C-4B4D-AEAF-4644783CD5E0}.Release|ARM.ActiveCfg = Release|ARM
		{DDADEA49-654C-4B4D-AEAF-4644783CD5E0}.Release|ARM.Build.0 = Release|ARM
		{DDADEA49-654C-4B4D-AEAF-4644783CD5E0}.Release|ARM.Deploy.0 = Release|ARM
		{DDADEA49-654C-4B4D-AEAF-4644783CD5E0}.Release|x64.ActiveCfg = Release|x64
		{DDADEA49-654C-4B4D-AEAF-4644783CD5E0}.Release|x64.Build.0 = Release|x64
		{DDADEA49-654C-4B4D-AEAF-4644783CD5E0}.Release|x64.Deploy.0 = Release|x64
		{DDADEA49-654C-4B4D-AEAF-4644783CD5E0}.Release|x86.ActiveCfg = Release|x86
		{DDADEA49-654C-4B4D-AEAF-4644783CD5E0}.Release|x86.Build.0 = Release|x86
		{DDADEA49-654C-4B4D-AEAF-4644783CD5E0}.Release|x86.Deploy.0 = Release|x86
	EndGlobalSection
	GlobalSection(SolutionProperties) = preSolution
		HideSolutionNode = FALSE
	EndGlobalSection
	GlobalSection(ExtensibilityGlobals) = postSolution
		SolutionGuid = {34D9FCE8-5A36-44A6-A7A0-C8E625840922}
	EndGlobalSection
EndGlobal
